
Microsoft Visual Studio Solution File, Format Version 11.00
# Visual Studio 2010
# SharpDevelop 4.4
Project("{FAE04EC0-301F-11D3-BF4B-00C04F79EFBC}") = "resolucion-parcial", "resolucion-parcial\resolucion-parcial.csproj", "{FA274824-D68E-4A1A-BA5C-38B0037E8158}"
EndProject
Global
	GlobalSection(SolutionConfigurationPlatforms) = preSolution
		Debug|Any CPU = Debug|Any CPU
		Release|Any CPU = Release|Any CPU
	EndGlobalSection
	GlobalSection(ProjectConfigurationPlatforms) = postSolution
		{FA274824-D68E-4A1A-BA5C-38B0037E8158}.Debug|Any CPU.Build.0 = Debug|Any CPU
		{FA274824-D68E-4A1A-BA5C-38B0037E8158}.Debug|Any CPU.ActiveCfg = Debug|Any CPU
		{FA274824-D68E-4A1A-BA5C-38B0037E8158}.Release|Any CPU.Build.0 = Release|Any CPU
		{FA274824-D68E-4A1A-BA5C-38B0037E8158}.Release|Any CPU.ActiveCfg = Release|Any CPU
	EndGlobalSection
EndGlobal
